// !$*UTF8*$!
{
	archiveVersion = 1;
	classes = {
	};
	objectVersion = 50;
	objects = {

/* Begin PBXBuildFile section */
		3CB9D5AC23A9616700C083C7 /* AppDelegate.swift in Sources */ = {isa = PBXBuildFile; fileRef = 3CB9D5AB23A9616700C083C7 /* AppDelegate.swift */; };
		3CB9D5AE23A9616700C083C7 /* SceneDelegate.swift in Sources */ = {isa = PBXBuildFile; fileRef = 3CB9D5AD23A9616700C083C7 /* SceneDelegate.swift */; };
		3CB9D5B023A9616700C083C7 /* ContentView.swift in Sources */ = {isa = PBXBuildFile; fileRef = 3CB9D5AF23A9616700C083C7 /* ContentView.swift */; };
		3CB9D5B223A9616A00C083C7 /* Assets.xcassets in Resources */ = {isa = PBXBuildFile; fileRef = 3CB9D5B123A9616A00C083C7 /* Assets.xcassets */; };
		3CB9D5B523A9616A00C083C7 /* Preview Assets.xcassets in Resources */ = {isa = PBXBuildFile; fileRef = 3CB9D5B423A9616A00C083C7 /* Preview Assets.xcassets */; };
		3CB9D5B823A9616A00C083C7 /* LaunchScreen.storyboard in Resources */ = {isa = PBXBuildFile; fileRef = 3CB9D5B623A9616A00C083C7 /* LaunchScreen.storyboard */; };
		3CB9D5C123A9635400C083C7 /* NetworkManager.swift in Sources */ = {isa = PBXBuildFile; fileRef = 3CB9D5C023A9635400C083C7 /* NetworkManager.swift */; };
		3CB9D5C323A9641700C083C7 /* PostData.swift in Sources */ = {isa = PBXBuildFile; fileRef = 3CB9D5C223A9641700C083C7 /* PostData.swift */; };
		3CB9D5C623A9681F00C083C7 /* DetailView.swift in Sources */ = {isa = PBXBuildFile; fileRef = 3CB9D5C523A9681F00C083C7 /* DetailView.swift */; };
		3CB9D5CA23A96A7D00C083C7 /* WebView.swift in Sources */ = {isa = PBXBuildFile; fileRef = 3CB9D5C923A96A7D00C083C7 /* WebView.swift */; };
/* End PBXBuildFile section */

/* Begin PBXFileReference section */
		3CB9D5A823A9616700C083C7 /* Reddit for Hacker.app */ = {isa = PBXFileReference; explicitFileType = wrapper.application; includeInIndex = 0; path = "Reddit for Hacker.app"; sourceTree = BUILT_PRODUCTS_DIR; };
		3CB9D5AB23A9616700C083C7 /* AppDelegate.swift */ = {isa = PBXFileReference; lastKnownFileType = sourcecode.swift; path = AppDelegate.swift; sourceTree = "<group>"; };
		3CB9D5AD23A9616700C083C7 /* SceneDelegate.swift */ = {isa = PBXFileReference; lastKnownFileType = sourcecode.swift; path = SceneDelegate.swift; sourceTree = "<group>"; };
		3CB9D5AF23A9616700C083C7 /* ContentView.swift */ = {isa = PBXFileReference; lastKnownFileType = sourcecode.swift; path = ContentView.swift; sourceTree = "<group>"; };
		3CB9D5B123A9616A00C083C7 /* Assets.xcassets */ = {isa = PBXFileReference; lastKnownFileType = folder.assetcatalog; path = Assets.xcassets; sourceTree = "<group>"; };
		3CB9D5B423A9616A00C083C7 /* Preview Assets.xcassets */ = {isa = PBXFileReference; lastKnownFileType = folder.assetcatalog; path = "Preview Assets.xcassets"; sourceTree = "<group>"; };
		3CB9D5B723A9616A00C083C7 /* Base */ = {isa = PBXFileReference; lastKnownFileType = file.storyboard; name = Base; path = Base.lproj/LaunchScreen.storyboard; sourceTree = "<group>"; };
		3CB9D5B923A9616A00C083C7 /* Info.plist */ = {isa = PBXFileReference; lastKnownFileType = text.plist.xml; path = Info.plist; sourceTree = "<group>"; };
		3CB9D5C023A9635400C083C7 /* NetworkManager.swift */ = {isa = PBXFileReference; lastKnownFileType = sourcecode.swift; path = NetworkManager.swift; sourceTree = "<group>"; };
		3CB9D5C223A9641700C083C7 /* PostData.swift */ = {isa = PBXFileReference; lastKnownFileType = sourcecode.swift; path = PostData.swift; sourceTree = "<group>"; };
		3CB9D5C523A9681F00C083C7 /* DetailView.swift */ = {isa = PBXFileReference; lastKnownFileType = sourcecode.swift; path = DetailView.swift; sourceTree = "<group>"; };
		3CB9D5C923A96A7D00C083C7 /* WebView.swift */ = {isa = PBXFileReference; lastKnownFileType = sourcecode.swift; path = WebView.swift; sourceTree = "<group>"; };
		3CB9D5CB23A96DBF00C083C7 /* Reddit for Hacker.entitlements */ = {isa = PBXFileReference; lastKnownFileType = text.plist.entitlements; path = "Reddit for Hacker.entitlements"; sourceTree = "<group>"; };
/* End PBXFileReference section */

/* Begin PBXFrameworksBuildPhase section */
		3CB9D5A523A9616700C083C7 /* Frameworks */ = {
			isa = PBXFrameworksBuildPhase;
			buildActionMask = 2147483647;
			files = (
			);
			runOnlyForDeploymentPostprocessing = 0;
		};
/* End PBXFrameworksBuildPhase section */

/* Begin PBXGroup section */
		3CB9D59F23A9616700C083C7 = {
			isa = PBXGroup;
			children = (
				3CB9D5AA23A9616700C083C7 /* Reddit for Hacker */,
				3CB9D5A923A9616700C083C7 /* Products */,
			);
			sourceTree = "<group>";
		};
		3CB9D5A923A9616700C083C7 /* Products */ = {
			isa = PBXGroup;
			children = (
				3CB9D5A823A9616700C083C7 /* Reddit for Hacker.app */,
			);
			name = Products;
			sourceTree = "<group>";
		};
		3CB9D5AA23A9616700C083C7 /* Reddit for Hacker */ = {
			isa = PBXGroup;
			children = (
				3CB9D5CB23A96DBF00C083C7 /* Reddit for Hacker.entitlements */,
				3CB9D5BF23A9633600C083C7 /* Models */,
				3CB9D5AB23A9616700C083C7 /* AppDelegate.swift */,
				3CB9D5AD23A9616700C083C7 /* SceneDelegate.swift */,
				3CB9D5C423A9680A00C083C7 /* Views */,
				3CB9D5B123A9616A00C083C7 /* Assets.xcassets */,
				3CB9D5B623A9616A00C083C7 /* LaunchScreen.storyboard */,
				3CB9D5B923A9616A00C083C7 /* Info.plist */,
				3CB9D5B323A9616A00C083C7 /* Preview Content */,
			);
			path = "Reddit for Hacker";
			sourceTree = "<group>";
		};
		3CB9D5B323A9616A00C083C7 /* Preview Content */ = {
			isa = PBXGroup;
			children = (
				3CB9D5B423A9616A00C083C7 /* Preview Assets.xcassets */,
			);
			path = "Preview Content";
			sourceTree = "<group>";
		};
		3CB9D5BF23A9633600C083C7 /* Models */ = {
			isa = PBXGroup;
			children = (
				3CB9D5C023A9635400C083C7 /* NetworkManager.swift */,
				3CB9D5C223A9641700C083C7 /* PostData.swift */,
			);
			path = Models;
			sourceTree = "<group>";
		};
		3CB9D5C423A9680A00C083C7 /* Views */ = {
			isa = PBXGroup;
			children = (
				3CB9D5AF23A9616700C083C7 /* ContentView.swift */,
				3CB9D5C523A9681F00C083C7 /* DetailView.swift */,
				3CB9D5C923A96A7D00C083C7 /* WebView.swift */,
			);
			path = Views;
			sourceTree = "<group>";
		};
/* End PBXGroup section */

/* Begin PBXNativeTarget section */
		3CB9D5A723A9616700C083C7 /* Reddit for Hacker */ = {
			isa = PBXNativeTarget;
			buildConfigurationList = 3CB9D5BC23A9616A00C083C7 /* Build configuration list for PBXNativeTarget "Reddit for Hacker" */;
			buildPhases = (
				3CB9D5A423A9616700C083C7 /* Sources */,
				3CB9D5A523A9616700C083C7 /* Frameworks */,
				3CB9D5A623A9616700C083C7 /* Resources */,
			);
			buildRules = (
			);
			dependencies = (
			);
			name = "Reddit for Hacker";
			productName = "Reddit for Hacker";
			productReference = 3CB9D5A823A9616700C083C7 /* Reddit for Hacker.app */;
			productType = "com.apple.product-type.application";
		};
/* End PBXNativeTarget section */

/* Begin PBXProject section */
		3CB9D5A023A9616700C083C7 /* Project object */ = {
			isa = PBXProject;
			attributes = {
				LastSwiftUpdateCheck = 1120;
				LastUpgradeCheck = 1120;
				ORGANIZATIONNAME = "Christian McAwesome";
				TargetAttributes = {
					3CB9D5A723A9616700C083C7 = {
						CreatedOnToolsVersion = 11.2.1;
					};
				};
			};
			buildConfigurationList = 3CB9D5A323A9616700C083C7 /* Build configuration list for PBXProject "Reddit for Hacker" */;
			compatibilityVersion = "Xcode 9.3";
			developmentRegion = en;
			hasScannedForEncodings = 0;
			knownRegions = (
				en,
				Base,
			);
			mainGroup = 3CB9D59F23A9616700C083C7;
			productRefGroup = 3CB9D5A923A9616700C083C7 /* Products */;
			projectDirPath = "";
			projectRoot = "";
			targets = (
				3CB9D5A723A9616700C083C7 /* Reddit for Hacker */,
			);
		};
/* End PBXProject section */

/* Begin PBXResourcesBuildPhase section */
		3CB9D5A623A9616700C083C7 /* Resources */ = {
			isa = PBXResourcesBuildPhase;
			buildActionMask = 2147483647;
			files = (
				3CB9D5B823A9616A00C083C7 /* LaunchScreen.storyboard in Resources */,
				3CB9D5B523A9616A00C083C7 /* Preview Assets.xcassets in Resources */,
				3CB9D5B223A9616A00C083C7 /* Assets.xcassets in Resources */,
			);
			runOnlyForDeploymentPostprocessing = 0;
		};
/* End PBXResourcesBuildPhase section */

/* Begin PBXSourcesBuildPhase section */
		3CB9D5A423A9616700C083C7 /* Sources */ = {
			isa = PBXSourcesBuildPhase;
			buildActionMask = 2147483647;
			files = (
				3CB9D5C323A9641700C083C7 /* PostData.swift in Sources */,
				3CB9D5CA23A96A7D00C083C7 /* WebView.swift in Sources */,
				3CB9D5C623A9681F00C083C7 /* DetailView.swift in Sources */,
				3CB9D5C123A9635400C083C7 /* NetworkManager.swift in Sources */,
				3CB9D5AC23A9616700C083C7 /* AppDelegate.swift in Sources */,
				3CB9D5AE23A9616700C083C7 /* SceneDelegate.swift in Sources */,
				3CB9D5B023A9616700C083C7 /* ContentView.swift in Sources */,
			);
			runOnlyForDeploymentPostprocessing = 0;
		};
/* End PBXSourcesBuildPhase section */

/* Begin PBXVariantGroup section */
		3CB9D5B623A9616A00C083C7 /* LaunchScreen.storyboard */ = {
			isa = PBXVariantGroup;
			children = (
				3CB9D5B723A9616A00C083C7 /* Base */,
			);
			name = LaunchScreen.storyboard;
			sourceTree = "<group>";
		};
/* End PBXVariantGroup section */

/* Begin XCBuildConfiguration section */
		3CB9D5BA23A9616A00C083C7 /* Debug */ = {
			isa = XCBuildConfiguration;
			buildSettings = {
				ALWAYS_SEARCH_USER_PATHS = NO;
				CLANG_ANALYZER_NONNULL = YES;
				CLANG_ANALYZER_NUMBER_OBJECT_CONVERSION = YES_AGGRESSIVE;
				CLANG_CXX_LANGUAGE_STANDARD = "gnu++14";
				CLANG_CXX_LIBRARY = "libc++";
				CLANG_ENABLE_MODULES = YES;
				CLANG_ENABLE_OBJC_ARC = YES;
				CLANG_ENABLE_OBJC_WEAK = YES;
				CLANG_WARN_BLOCK_CAPTURE_AUTORELEASING = YES;
				CLANG_WARN_BOOL_CONVERSION = YES;
				CLANG_WARN_COMMA = YES;
				CLANG_WARN_CONSTANT_CONVERSION = YES;
				CLANG_WARN_DEPRECATED_OBJC_IMPLEMENTATIONS = YES;
				CLANG_WARN_DIRECT_OBJC_ISA_USAGE = YES_ERROR;
				CLANG_WARN_DOCUMENTATION_COMMENTS = YES;
				CLANG_WARN_EMPTY_BODY = YES;
				CLANG_WARN_ENUM_CONVERSION = YES;
				CLANG_WARN_INFINITE_RECURSION = YES;
				CLANG_WARN_INT_CONVERSION = YES;
				CLANG_WARN_NON_LITERAL_NULL_CONVERSION = YES;
				CLANG_WARN_OBJC_IMPLICIT_RETAIN_SELF = YES;
				CLANG_WARN_OBJC_LITERAL_CONVERSION = YES;
				CLANG_WARN_OBJC_ROOT_CLASS = YES_ERROR;
				CLANG_WARN_RANGE_LOOP_ANALYSIS = YES;
				CLANG_WARN_STRICT_PROTOTYPES = YES;
				CLANG_WARN_SUSPICIOUS_MOVE = YES;
				CLANG_WARN_UNGUARDED_AVAILABILITY = YES_AGGRESSIVE;
				CLANG_WARN_UNREACHABLE_CODE = YES;
				CLANG_WARN__DUPLICATE_METHOD_MATCH = YES;
				COPY_PHASE_STRIP = NO;
				DEBUG_INFORMATION_FORMAT = dwarf;
				ENABLE_STRICT_OBJC_MSGSEND = YES;
				ENABLE_TESTABILITY = YES;
				GCC_C_LANGUAGE_STANDARD = gnu11;
				GCC_DYNAMIC_NO_PIC = NO;
				GCC_NO_COMMON_BLOCKS = YES;
				GCC_OPTIMIZATION_LEVEL = 0;
				GCC_PREPROCESSOR_DEFINITIONS = (
					"DEBUG=1",
					"$(inherited)",
				);
				GCC_WARN_64_TO_32_BIT_CONVERSION = YES;
				GCC_WARN_ABOUT_RETURN_TYPE = YES_ERROR;
				GCC_WARN_UNDECLARED_SELECTOR = YES;
				GCC_WARN_UNINITIALIZED_AUTOS = YES_AGGRESSIVE;
				GCC_WARN_UNUSED_FUNCTION = YES;
				GCC_WARN_UNUSED_VARIABLE = YES;
				IPHONEOS_DEPLOYMENT_TARGET = 13.2;
				MTL_ENABLE_DEBUG_INFO = INCLUDE_SOURCE;
				MTL_FAST_MATH = YES;
				ONLY_ACTIVE_ARCH = YES;
				SDKROOT = iphoneos;
				SWIFT_ACTIVE_COMPILATION_CONDITIONS = DEBUG;
				SWIFT_OPTIMIZATION_LEVEL = "-Onone";
			};
			name = Debug;
		};
		3CB9D5BB23A9616A00C083C7 /* Release */ = {
			isa = XCBuildConfiguration;
			buildSettings = {
				ALWAYS_SEARCH_USER_PATHS = NO;
				CLANG_ANALYZER_NONNULL = YES;
				CLANG_ANALYZER_NUMBER_OBJECT_CONVERSION = YES_AGGRESSIVE;
				CLANG_CXX_LANGUAGE_STANDARD = "gnu++14";
				CLANG_CXX_LIBRARY = "libc++";
				CLANG_ENABLE_MODULES = YES;
				CLANG_ENABLE_OBJC_ARC = YES;
				CLANG_ENABLE_OBJC_WEAK = YES;
				CLANG_WARN_BLOCK_CAPTURE_AUTORELEASING = YES;
				CLANG_WARN_BOOL_CONVERSION = YES;
				CLANG_WARN_COMMA = YES;
				CLANG_WARN_CONSTANT_CONVERSION = YES;
				CLANG_WARN_DEPRECATED_OBJC_IMPLEMENTATIONS = YES;
				CLANG_WARN_DIRECT_OBJC_ISA_USAGE = YES_ERROR;
				CLANG_WARN_DOCUMENTATION_COMMENTS = YES;
				CLANG_WARN_EMPTY_BODY = YES;
				CLANG_WARN_ENUM_CONVERSION = YES;
				CLANG_WARN_INFINITE_RECURSION = YES;
				CLANG_WARN_INT_CONVERSION = YES;
				CLANG_WARN_NON_LITERAL_NULL_CONVERSION = YES;
				CLANG_WARN_OBJC_IMPLICIT_RETAIN_SELF = YES;
				CLANG_WARN_OBJC_LITERAL_CONVERSION = YES;
				CLANG_WARN_OBJC_ROOT_CLASS = YES_ERROR;
				CLANG_WARN_RANGE_LOOP_ANALYSIS = YES;
				CLANG_WARN_STRICT_PROTOTYPES = YES;
				CLANG_WARN_SUSPICIOUS_MOVE = YES;
				CLANG_WARN_UNGUARDED_AVAILABILITY = YES_AGGRESSIVE;
				CLANG_WARN_UNREACHABLE_CODE = YES;
				CLANG_WARN__DUPLICATE_METHOD_MATCH = YES;
				COPY_PHASE_STRIP = NO;
				DEBUG_INFORMATION_FORMAT = "dwarf-with-dsym";
				ENABLE_NS_ASSERTIONS = NO;
				ENABLE_STRICT_OBJC_MSGSEND = YES;
				GCC_C_LANGUAGE_STANDARD = gnu11;
				GCC_NO_COMMON_BLOCKS = YES;
				GCC_WARN_64_TO_32_BIT_CONVERSION = YES;
				GCC_WARN_ABOUT_RETURN_TYPE = YES_ERROR;
				GCC_WARN_UNDECLARED_SELECTOR = YES;
				GCC_WARN_UNINITIALIZED_AUTOS = YES_AGGRESSIVE;
				GCC_WARN_UNUSED_FUNCTION = YES;
				GCC_WARN_UNUSED_VARIABLE = YES;
				IPHONEOS_DEPLOYMENT_TARGET = 13.2;
				MTL_ENABLE_DEBUG_INFO = NO;
				MTL_FAST_MATH = YES;
				SDKROOT = iphoneos;
				SWIFT_COMPILATION_MODE = wholemodule;
				SWIFT_OPTIMIZATION_LEVEL = "-O";
				VALIDATE_PRODUCT = YES;
			};
			name = Release;
		};
		3CB9D5BD23A9616A00C083C7 /* Debug */ = {
			isa = XCBuildConfiguration;
			buildSettings = {
				ASSETCATALOG_COMPILER_APPICON_NAME = AppIcon;
				CODE_SIGN_ENTITLEMENTS = "Reddit for Hacker/Reddit for Hacker.entitlements";
				CODE_SIGN_STYLE = Automatic;
				DERIVE_MACCATALYST_PRODUCT_BUNDLE_IDENTIFIER = YES;
				DEVELOPMENT_ASSET_PATHS = "\"Reddit for Hacker/Preview Content\"";
				DEVELOPMENT_TEAM = 726D3W68AX;
				ENABLE_PREVIEWS = YES;
				INFOPLIST_FILE = "Reddit for Hacker/Info.plist";
				LD_RUNPATH_SEARCH_PATHS = (
					"$(inherited)",
					"@executable_path/Frameworks",
				);
				PRODUCT_BUNDLE_IDENTIFIER = "com.ChristianMcAwesome.Reddit-for-Hacker";
				PRODUCT_NAME = "$(TARGET_NAME)";
				SUPPORTS_MACCATALYST = YES;
				SWIFT_VERSION = 5.0;
				TARGETED_DEVICE_FAMILY = "1,2";
			};
			name = Debug;
		};
		3CB9D5BE23A9616A00C083C7 /* Release */ = {
			isa = XCBuildConfiguration;
			buildSettings = {
				ASSETCATALOG_COMPILER_APPICON_NAME = AppIcon;
				CODE_SIGN_ENTITLEMENTS = "Reddit for Hacker/Reddit for Hacker.entitlements";
				CODE_SIGN_STYLE = Automatic;
				DERIVE_MACCATALYST_PRODUCT_BUNDLE_IDENTIFIER = YES;
				DEVELOPMENT_ASSET_PATHS = "\"Reddit for Hacker/Preview Content\"";
				DEVELOPMENT_TEAM = 726D3W68AX;
				ENABLE_PREVIEWS = YES;
				INFOPLIST_FILE = "Reddit for Hacker/Info.plist";
				LD_RUNPATH_SEARCH_PATHS = (
					"$(inherited)",
					"@executable_path/Frameworks",
				);
				PRODUCT_BUNDLE_IDENTIFIER = "com.ChristianMcAwesome.Reddit-for-Hacker";
				PRODUCT_NAME = "$(TARGET_NAME)";
				SUPPORTS_MACCATALYST = YES;
				SWIFT_VERSION = 5.0;
				TARGETED_DEVICE_FAMILY = "1,2";
			};
			name = Release;
		};
/* End XCBuildConfiguration section */

/* Begin XCConfigurationList section */
		3CB9D5A323A9616700C083C7 /* Build configuration list for PBXProject "Reddit for Hacker" */ = {
			isa = XCConfigurationList;
			buildConfigurations = (
				3CB9D5BA23A9616A00C083C7 /* Debug */,
				3CB9D5BB23A9616A00C083C7 /* Release */,
			);
			defaultConfigurationIsVisible = 0;
			defaultConfigurationName = Release;
		};
		3CB9D5BC23A9616A00C083C7 /* Build configuration list for PBXNativeTarget "Reddit for Hacker" */ = {
			isa = XCConfigurationList;
			buildConfigurations = (
				3CB9D5BD23A9616A00C083C7 /* Debug */,
				3CB9D5BE23A9616A00C083C7 /* Release */,
			);
			defaultConfigurationIsVisible = 0;
			defaultConfigurationName = Release;
		};
/* End XCConfigurationList section */
	};
	rootObject = 3CB9D5A023A9616700C083C7 /* Project object */;
}
